
Microsoft Visual Studio Solution File, Format Version 12.00
# Visual Studio Version 16
VisualStudioVersion = 16.0.29920.165
MinimumVisualStudioVersion = 10.0.40219.1
Project("{FAE04EC0-301F-11D3-BF4B-00C04F79EFBC}") = "Fabio.Web", "Fabio.Web\Fabio.Web.csproj", "{5B31EAAB-71D9-40D2-8653-0F83527646CD}"
EndProject
Project("{FAE04EC0-301F-11D3-BF4B-00C04F79EFBC}") = "Fabio.Web.UnitTests", "Fabio.Web.UnitTests\Fabio.Web.UnitTests.csproj", "{F1E2F3DC-F6AA-4865-8EC8-65DDF24ADB7A}"
EndProject
Project("{FAE04EC0-301F-11D3-BF4B-00C04F79EFBC}") = "Fabio.Web.ServiceTests", "Fabio.Web.ServiceTests\Fabio.Web.ServiceTests.csproj", "{9E7F08CA-1529-4524-9D41-672529A2C608}"
EndProject
Global
	GlobalSection(SolutionConfigurationPlatforms) = preSolution
		Debug|Any CPU = Debug|Any CPU
		Release|Any CPU = Release|Any CPU
	EndGlobalSection
	GlobalSection(ProjectConfigurationPlatforms) = postSolution
		{5B31EAAB-71D9-40D2-8653-0F83527646CD}.Debug|Any CPU.ActiveCfg = Debug|Any CPU
		{5B31EAAB-71D9-40D2-8653-0F83527646CD}.Debug|Any CPU.Build.0 = Debug|Any CPU
		{5B31EAAB-71D9-40D2-8653-0F83527646CD}.Release|Any CPU.ActiveCfg = Release|Any CPU
		{5B31EAAB-71D9-40D2-8653-0F83527646CD}.Release|Any CPU.Build.0 = Release|Any CPU
		{F1E2F3DC-F6AA-4865-8EC8-65DDF24ADB7A}.Debug|Any CPU.ActiveCfg = Debug|Any CPU
		{F1E2F3DC-F6AA-4865-8EC8-65DDF24ADB7A}.Debug|Any CPU.Build.0 = Debug|Any CPU
		{F1E2F3DC-F6AA-4865-8EC8-65DDF24ADB7A}.Release|Any CPU.ActiveCfg = Release|Any CPU
		{F1E2F3DC-F6AA-4865-8EC8-65DDF24ADB7A}.Release|Any CPU.Build.0 = Release|Any CPU
		{9E7F08CA-1529-4524-9D41-672529A2C608}.Debug|Any CPU.ActiveCfg = Debug|Any CPU
		{9E7F08CA-1529-4524-9D41-672529A2C608}.Debug|Any CPU.Build.0 = Debug|Any CPU
		{9E7F08CA-1529-4524-9D41-672529A2C608}.Release|Any CPU.ActiveCfg = Release|Any CPU
		{9E7F08CA-1529-4524-9D41-672529A2C608}.Release|Any CPU.Build.0 = Release|Any CPU
	EndGlobalSection
	GlobalSection(SolutionProperties) = preSolution
		HideSolutionNode = FALSE
	EndGlobalSection
	GlobalSection(ExtensibilityGlobals) = postSolution
		SolutionGuid = {C40CF8D7-3BCF-4FC4-B6F1-DCBC4EE35DE7}
	EndGlobalSection
EndGlobal
